
Microsoft Visual Studio Solution File, Format Version 12.00
# Visual Studio Version 17
VisualStudioVersion = 17.3.32811.315
MinimumVisualStudioVersion = 10.0.40219.1
Project("{2150E333-8FDC-42A3-9474-1A3956D46DE8}") = "FrontEnd", "FrontEnd", "{BADBC852-10A8-437B-9387-4772F6E905BA}"
EndProject
Project("{FAE04EC0-301F-11D3-BF4B-00C04F79EFBC}") = "Mango.Web", "Mango.Web\Mango.Web.csproj", "{7B6E125A-B90A-4797-848C-6CDF88C2CBB5}"
EndProject
Project("{2150E333-8FDC-42A3-9474-1A3956D46DE8}") = "Services", "Services", "{901F9195-40EF-41DB-85A6-71DA458C785E}"
EndProject
Project("{FAE04EC0-301F-11D3-BF4B-00C04F79EFBC}") = "Mango.Services.ProductAPI", "Mango.Services.ProductAPI\Mango.Services.ProductAPI.csproj", "{4C5E70D6-0F38-4E27-A2DA-90F104EF4F34}"
EndProject
Global
	GlobalSection(SolutionConfigurationPlatforms) = preSolution
		Debug|Any CPU = Debug|Any CPU
		Release|Any CPU = Release|Any CPU
	EndGlobalSection
	GlobalSection(ProjectConfigurationPlatforms) = postSolution
		{7B6E125A-B90A-4797-848C-6CDF88C2CBB5}.Debug|Any CPU.ActiveCfg = Debug|Any CPU
		{7B6E125A-B90A-4797-848C-6CDF88C2CBB5}.Debug|Any CPU.Build.0 = Debug|Any CPU
		{7B6E125A-B90A-4797-848C-6CDF88C2CBB5}.Release|Any CPU.ActiveCfg = Release|Any CPU
		{7B6E125A-B90A-4797-848C-6CDF88C2CBB5}.Release|Any CPU.Build.0 = Release|Any CPU
		{4C5E70D6-0F38-4E27-A2DA-90F104EF4F34}.Debug|Any CPU.ActiveCfg = Debug|Any CPU
		{4C5E70D6-0F38-4E27-A2DA-90F104EF4F34}.Debug|Any CPU.Build.0 = Debug|Any CPU
		{4C5E70D6-0F38-4E27-A2DA-90F104EF4F34}.Release|Any CPU.ActiveCfg = Release|Any CPU
		{4C5E70D6-0F38-4E27-A2DA-90F104EF4F34}.Release|Any CPU.Build.0 = Release|Any CPU
	EndGlobalSection
	GlobalSection(SolutionProperties) = preSolution
		HideSolutionNode = FALSE
	EndGlobalSection
	GlobalSection(NestedProjects) = preSolution
		{7B6E125A-B90A-4797-848C-6CDF88C2CBB5} = {BADBC852-10A8-437B-9387-4772F6E905BA}
		{4C5E70D6-0F38-4E27-A2DA-90F104EF4F34} = {901F9195-40EF-41DB-85A6-71DA458C785E}
	EndGlobalSection
	GlobalSection(ExtensibilityGlobals) = postSolution
		SolutionGuid = {06F71523-0601-4041-8A33-499152A24B29}
	EndGlobalSection
EndGlobal
